
Microsoft Visual Studio Solution File, Format Version 12.00
# Visual Studio Version 17
VisualStudioVersion = 17.8.34212.112
MinimumVisualStudioVersion = 10.0.40219.1
Project("{2150E333-8FDC-42A3-9474-1A3956D46DE8}") = "src", "src", "{AF8959CE-90A7-4B77-949A-346DB58E68FD}"
EndProject
Project("{2150E333-8FDC-42A3-9474-1A3956D46DE8}") = "test", "test", "{AD295109-1045-4E37-9087-A5DBB7AD6A1F}"
EndProject
Project("{FAE04EC0-301F-11D3-BF4B-00C04F79EFBC}") = "LiteBulb.FormLab.Domain", "src\LiteBulb.FormLab.Domain\LiteBulb.FormLab.Domain.csproj", "{76CC679C-ADA3-4534-BE6C-011BEC5A670B}"
EndProject
Project("{FAE04EC0-301F-11D3-BF4B-00C04F79EFBC}") = "LiteBulb.FormLab.Shared", "src\LiteBulb.FormLab.Shared\LiteBulb.FormLab.Shared.csproj", "{C8F1B0EE-5830-41B3-8DA8-25B4D60E3154}"
EndProject
Project("{FAE04EC0-301F-11D3-BF4B-00C04F79EFBC}") = "LiteBulb.FormLab.Application", "src\LiteBulb.FormLab.Application\LiteBulb.FormLab.Application.csproj", "{FED71530-B5BF-4240-B1A6-69C2823FA6E4}"
EndProject
Project("{FAE04EC0-301F-11D3-BF4B-00C04F79EFBC}") = "LiteBulb.FormLab.Infrastructure", "src\LiteBulb.FormLab.Infrastructure\LiteBulb.FormLab.Infrastructure.csproj", "{381FFDCF-8671-4AAF-82A7-FA88D0263938}"
EndProject
Project("{FAE04EC0-301F-11D3-BF4B-00C04F79EFBC}") = "LiteBulb.FormLab.Infrastructure.Shared", "src\LiteBulb.FormLab.Infrastructure.Shared\LiteBulb.FormLab.Infrastructure.Shared.csproj", "{A418D444-2EFA-4FAE-A87D-2F3B4FA32208}"
EndProject
Project("{9A19103F-16F7-4668-BE54-9A1E7A4F7556}") = "LiteBulb.FormLab.Infrastructure.Migrations", "src\LiteBulb.FormLab.Infrastructure.Migrations\LiteBulb.FormLab.Infrastructure.Migrations.csproj", "{1B668F1C-F085-41F6-9A0B-B75E22428DF3}"
EndProject
Global
	GlobalSection(SolutionConfigurationPlatforms) = preSolution
		Debug|Any CPU = Debug|Any CPU
		Release|Any CPU = Release|Any CPU
	EndGlobalSection
	GlobalSection(ProjectConfigurationPlatforms) = postSolution
		{76CC679C-ADA3-4534-BE6C-011BEC5A670B}.Debug|Any CPU.ActiveCfg = Debug|Any CPU
		{76CC679C-ADA3-4534-BE6C-011BEC5A670B}.Debug|Any CPU.Build.0 = Debug|Any CPU
		{76CC679C-ADA3-4534-BE6C-011BEC5A670B}.Release|Any CPU.ActiveCfg = Release|Any CPU
		{76CC679C-ADA3-4534-BE6C-011BEC5A670B}.Release|Any CPU.Build.0 = Release|Any CPU
		{C8F1B0EE-5830-41B3-8DA8-25B4D60E3154}.Debug|Any CPU.ActiveCfg = Debug|Any CPU
		{C8F1B0EE-5830-41B3-8DA8-25B4D60E3154}.Debug|Any CPU.Build.0 = Debug|Any CPU
		{C8F1B0EE-5830-41B3-8DA8-25B4D60E3154}.Release|Any CPU.ActiveCfg = Release|Any CPU
		{C8F1B0EE-5830-41B3-8DA8-25B4D60E3154}.Release|Any CPU.Build.0 = Release|Any CPU
		{FED71530-B5BF-4240-B1A6-69C2823FA6E4}.Debug|Any CPU.ActiveCfg = Debug|Any CPU
		{FED71530-B5BF-4240-B1A6-69C2823FA6E4}.Debug|Any CPU.Build.0 = Debug|Any CPU
		{FED71530-B5BF-4240-B1A6-69C2823FA6E4}.Release|Any CPU.ActiveCfg = Release|Any CPU
		{FED71530-B5BF-4240-B1A6-69C2823FA6E4}.Release|Any CPU.Build.0 = Release|Any CPU
		{381FFDCF-8671-4AAF-82A7-FA88D0263938}.Debug|Any CPU.ActiveCfg = Debug|Any CPU
		{381FFDCF-8671-4AAF-82A7-FA88D0263938}.Debug|Any CPU.Build.0 = Debug|Any CPU
		{381FFDCF-8671-4AAF-82A7-FA88D0263938}.Release|Any CPU.ActiveCfg = Release|Any CPU
		{381FFDCF-8671-4AAF-82A7-FA88D0263938}.Release|Any CPU.Build.0 = Release|Any CPU
		{A418D444-2EFA-4FAE-A87D-2F3B4FA32208}.Debug|Any CPU.ActiveCfg = Debug|Any CPU
		{A418D444-2EFA-4FAE-A87D-2F3B4FA32208}.Debug|Any CPU.Build.0 = Debug|Any CPU
		{A418D444-2EFA-4FAE-A87D-2F3B4FA32208}.Release|Any CPU.ActiveCfg = Release|Any CPU
		{A418D444-2EFA-4FAE-A87D-2F3B4FA32208}.Release|Any CPU.Build.0 = Release|Any CPU
		{1B668F1C-F085-41F6-9A0B-B75E22428DF3}.Debug|Any CPU.ActiveCfg = Debug|Any CPU
		{1B668F1C-F085-41F6-9A0B-B75E22428DF3}.Debug|Any CPU.Build.0 = Debug|Any CPU
		{1B668F1C-F085-41F6-9A0B-B75E22428DF3}.Release|Any CPU.ActiveCfg = Release|Any CPU
		{1B668F1C-F085-41F6-9A0B-B75E22428DF3}.Release|Any CPU.Build.0 = Release|Any CPU
	EndGlobalSection
	GlobalSection(SolutionProperties) = preSolution
		HideSolutionNode = FALSE
	EndGlobalSection
	GlobalSection(NestedProjects) = preSolution
		{76CC679C-ADA3-4534-BE6C-011BEC5A670B} = {AF8959CE-90A7-4B77-949A-346DB58E68FD}
		{C8F1B0EE-5830-41B3-8DA8-25B4D60E3154} = {AF8959CE-90A7-4B77-949A-346DB58E68FD}
		{FED71530-B5BF-4240-B1A6-69C2823FA6E4} = {AF8959CE-90A7-4B77-949A-346DB58E68FD}
		{381FFDCF-8671-4AAF-82A7-FA88D0263938} = {AF8959CE-90A7-4B77-949A-346DB58E68FD}
		{A418D444-2EFA-4FAE-A87D-2F3B4FA32208} = {AF8959CE-90A7-4B77-949A-346DB58E68FD}
		{1B668F1C-F085-41F6-9A0B-B75E22428DF3} = {AF8959CE-90A7-4B77-949A-346DB58E68FD}
	EndGlobalSection
	GlobalSection(ExtensibilityGlobals) = postSolution
		SolutionGuid = {6E76EF5D-9ECE-4417-82A6-24AC45D1F318}
	EndGlobalSection
EndGlobal
